
Microsoft Visual Studio Solution File, Format Version 12.00
# Visual Studio 15
VisualStudioVersion = 15.0.28307.438
MinimumVisualStudioVersion = 10.0.40219.1
Project("{FAE04EC0-301F-11D3-BF4B-00C04F79EFBC}") = "01_FizzBuzz", "01_FizzBuzz\01_FizzBuzz.csproj", "{24E1A400-2EDD-46F9-A935-402B6F652D20}"
EndProject
Global
	GlobalSection(SolutionConfigurationPlatforms) = preSolution
		Debug|Any CPU = Debug|Any CPU
		Release|Any CPU = Release|Any CPU
	EndGlobalSection
	GlobalSection(ProjectConfigurationPlatforms) = postSolution
		{24E1A400-2EDD-46F9-A935-402B6F652D20}.Debug|Any CPU.ActiveCfg = Debug|Any CPU
		{24E1A400-2EDD-46F9-A935-402B6F652D20}.Debug|Any CPU.Build.0 = Debug|Any CPU
		{24E1A400-2EDD-46F9-A935-402B6F652D20}.Release|Any CPU.ActiveCfg = Release|Any CPU
		{24E1A400-2EDD-46F9-A935-402B6F652D20}.Release|Any CPU.Build.0 = Release|Any CPU
	EndGlobalSection
	GlobalSection(SolutionProperties) = preSolution
		HideSolutionNode = FALSE
	EndGlobalSection
	GlobalSection(ExtensibilityGlobals) = postSolution
		SolutionGuid = {FB9BA76D-9F56-4BCF-832E-135EB83AD044}
	EndGlobalSection
EndGlobal
